
Microsoft Visual Studio Solution File, Format Version 12.00
# Visual Studio Version 17
VisualStudioVersion = 17.8.34511.84
MinimumVisualStudioVersion = 10.0.40219.1
Project("{FAE04EC0-301F-11D3-BF4B-00C04F79EFBC}") = "MyPortfolio", "MyPortfolio\MyPortfolio.csproj", "{0BB5F2C2-49CF-4CA1-A630-45FA49848235}"
EndProject
Global
	GlobalSection(SolutionConfigurationPlatforms) = preSolution
		Debug|Any CPU = Debug|Any CPU
		Release|Any CPU = Release|Any CPU
	EndGlobalSection
	GlobalSection(ProjectConfigurationPlatforms) = postSolution
		{0BB5F2C2-49CF-4CA1-A630-45FA49848235}.Debug|Any CPU.ActiveCfg = Debug|Any CPU
		{0BB5F2C2-49CF-4CA1-A630-45FA49848235}.Debug|Any CPU.Build.0 = Debug|Any CPU
		{0BB5F2C2-49CF-4CA1-A630-45FA49848235}.Release|Any CPU.ActiveCfg = Release|Any CPU
		{0BB5F2C2-49CF-4CA1-A630-45FA49848235}.Release|Any CPU.Build.0 = Release|Any CPU
	EndGlobalSection
	GlobalSection(SolutionProperties) = preSolution
		HideSolutionNode = FALSE
	EndGlobalSection
	GlobalSection(ExtensibilityGlobals) = postSolution
		SolutionGuid = {4333D8F3-4D60-43BF-B1C8-9F2CFB07C13E}
	EndGlobalSection
EndGlobal
